
Microsoft Visual Studio Solution File, Format Version 12.00
# Visual Studio Version 16
VisualStudioVersion = 16.0.30406.217
MinimumVisualStudioVersion = 10.0.40219.1
Project("{FAE04EC0-301F-11D3-BF4B-00C04F79EFBC}") = "SalesMVC", "SalesMVC\SalesMVC.csproj", "{736C95C7-DE6E-4379-ABF2-610F1CCD50CF}"
EndProject
Global
	GlobalSection(SolutionConfigurationPlatforms) = preSolution
		Debug|Any CPU = Debug|Any CPU
		Release|Any CPU = Release|Any CPU
	EndGlobalSection
	GlobalSection(ProjectConfigurationPlatforms) = postSolution
		{736C95C7-DE6E-4379-ABF2-610F1CCD50CF}.Debug|Any CPU.ActiveCfg = Debug|Any CPU
		{736C95C7-DE6E-4379-ABF2-610F1CCD50CF}.Debug|Any CPU.Build.0 = Debug|Any CPU
		{736C95C7-DE6E-4379-ABF2-610F1CCD50CF}.Release|Any CPU.ActiveCfg = Release|Any CPU
		{736C95C7-DE6E-4379-ABF2-610F1CCD50CF}.Release|Any CPU.Build.0 = Release|Any CPU
	EndGlobalSection
	GlobalSection(SolutionProperties) = preSolution
		HideSolutionNode = FALSE
	EndGlobalSection
	GlobalSection(ExtensibilityGlobals) = postSolution
		SolutionGuid = {2CE84915-0CB0-4600-8D3F-A727E75D7F57}
	EndGlobalSection
EndGlobal
